
Microsoft Visual Studio Solution File, Format Version 12.00
# Visual Studio 15
VisualStudioVersion = 15.0.28010.2046
MinimumVisualStudioVersion = 10.0.40219.1
Project("{FAE04EC0-301F-11D3-BF4B-00C04F79EFBC}") = "Zork", "Zork\Zork.csproj", "{B23EDD19-6F16-4879-BB52-B0AC621C3FD4}"
EndProject
Project("{FAE04EC0-301F-11D3-BF4B-00C04F79EFBC}") = "ZorkSite", "ZorkSite\ZorkSite.csproj", "{63A149FE-75DE-4249-B118-62894F6D6288}"
EndProject
Global
	GlobalSection(SolutionConfigurationPlatforms) = preSolution
		Debug|Any CPU = Debug|Any CPU
		Release|Any CPU = Release|Any CPU
	EndGlobalSection
	GlobalSection(ProjectConfigurationPlatforms) = postSolution
		{B23EDD19-6F16-4879-BB52-B0AC621C3FD4}.Debug|Any CPU.ActiveCfg = Debug|Any CPU
		{B23EDD19-6F16-4879-BB52-B0AC621C3FD4}.Debug|Any CPU.Build.0 = Debug|Any CPU
		{B23EDD19-6F16-4879-BB52-B0AC621C3FD4}.Release|Any CPU.ActiveCfg = Release|Any CPU
		{B23EDD19-6F16-4879-BB52-B0AC621C3FD4}.Release|Any CPU.Build.0 = Release|Any CPU
		{63A149FE-75DE-4249-B118-62894F6D6288}.Debug|Any CPU.ActiveCfg = Debug|Any CPU
		{63A149FE-75DE-4249-B118-62894F6D6288}.Debug|Any CPU.Build.0 = Debug|Any CPU
		{63A149FE-75DE-4249-B118-62894F6D6288}.Release|Any CPU.ActiveCfg = Release|Any CPU
		{63A149FE-75DE-4249-B118-62894F6D6288}.Release|Any CPU.Build.0 = Release|Any CPU
	EndGlobalSection
	GlobalSection(SolutionProperties) = preSolution
		HideSolutionNode = FALSE
	EndGlobalSection
	GlobalSection(ExtensibilityGlobals) = postSolution
		SolutionGuid = {533CF11D-7065-4909-A92F-DE84D9E5C383}
	EndGlobalSection
EndGlobal
